
Microsoft Visual Studio Solution File, Format Version 12.00
# Visual Studio Version 17
VisualStudioVersion = 17.9.34728.123
MinimumVisualStudioVersion = 10.0.40219.1
Project("{FAE04EC0-301F-11D3-BF4B-00C04F79EFBC}") = "databasebackend", "databasebackend\databasebackend.csproj", "{D55A644B-070E-43DA-AC82-D16EA079109D}"
EndProject
Global
	GlobalSection(SolutionConfigurationPlatforms) = preSolution
		Debug|Any CPU = Debug|Any CPU
		Release|Any CPU = Release|Any CPU
	EndGlobalSection
	GlobalSection(ProjectConfigurationPlatforms) = postSolution
		{D55A644B-070E-43DA-AC82-D16EA079109D}.Debug|Any CPU.ActiveCfg = Debug|Any CPU
		{D55A644B-070E-43DA-AC82-D16EA079109D}.Debug|Any CPU.Build.0 = Debug|Any CPU
		{D55A644B-070E-43DA-AC82-D16EA079109D}.Release|Any CPU.ActiveCfg = Release|Any CPU
		{D55A644B-070E-43DA-AC82-D16EA079109D}.Release|Any CPU.Build.0 = Release|Any CPU
	EndGlobalSection
	GlobalSection(SolutionProperties) = preSolution
		HideSolutionNode = FALSE
	EndGlobalSection
	GlobalSection(ExtensibilityGlobals) = postSolution
		SolutionGuid = {A82314AF-21BF-4A0E-9667-EBDA3BFBE5A1}
	EndGlobalSection
EndGlobal
